
Microsoft Visual Studio Solution File, Format Version 12.00
# Visual Studio Version 16
VisualStudioVersion = 16.0.31515.178
MinimumVisualStudioVersion = 10.0.40219.1
Project("{9A19103F-16F7-4668-BE54-9A1E7A4F7556}") = "ShopAuto", "ShopAuto\ShopAuto.csproj", "{C7D6C2A5-ABFC-462E-A602-BE51E0CB1490}"
EndProject
Global
	GlobalSection(SolutionConfigurationPlatforms) = preSolution
		Debug|Any CPU = Debug|Any CPU
		Release|Any CPU = Release|Any CPU
	EndGlobalSection
	GlobalSection(ProjectConfigurationPlatforms) = postSolution
		{C7D6C2A5-ABFC-462E-A602-BE51E0CB1490}.Debug|Any CPU.ActiveCfg = Debug|Any CPU
		{C7D6C2A5-ABFC-462E-A602-BE51E0CB1490}.Debug|Any CPU.Build.0 = Debug|Any CPU
		{C7D6C2A5-ABFC-462E-A602-BE51E0CB1490}.Release|Any CPU.ActiveCfg = Release|Any CPU
		{C7D6C2A5-ABFC-462E-A602-BE51E0CB1490}.Release|Any CPU.Build.0 = Release|Any CPU
	EndGlobalSection
	GlobalSection(SolutionProperties) = preSolution
		HideSolutionNode = FALSE
	EndGlobalSection
	GlobalSection(ExtensibilityGlobals) = postSolution
		SolutionGuid = {6D4E0C58-3F63-41A7-83B9-A281EDE227A1}
	EndGlobalSection
EndGlobal
